
Microsoft Visual Studio Solution File, Format Version 12.00
# Visual Studio Version 17
VisualStudioVersion = 17.9.34622.214
MinimumVisualStudioVersion = 10.0.40219.1
Project("{FAE04EC0-301F-11D3-BF4B-00C04F79EFBC}") = "GrpcService", "GrpcService\GrpcService.csproj", "{A4B46A5B-19D0-48DA-AD0E-0CD0CC4E0B89}"
EndProject
Project("{FAE04EC0-301F-11D3-BF4B-00C04F79EFBC}") = "GrpcClient", "GrpcClient\GrpcClient.csproj", "{1FAD2D4D-50A9-4D06-A427-A5E2410CB8C6}"
EndProject
Global
	GlobalSection(SolutionConfigurationPlatforms) = preSolution
		Debug|Any CPU = Debug|Any CPU
		Release|Any CPU = Release|Any CPU
	EndGlobalSection
	GlobalSection(ProjectConfigurationPlatforms) = postSolution
		{A4B46A5B-19D0-48DA-AD0E-0CD0CC4E0B89}.Debug|Any CPU.ActiveCfg = Debug|Any CPU
		{A4B46A5B-19D0-48DA-AD0E-0CD0CC4E0B89}.Debug|Any CPU.Build.0 = Debug|Any CPU
		{A4B46A5B-19D0-48DA-AD0E-0CD0CC4E0B89}.Release|Any CPU.ActiveCfg = Release|Any CPU
		{A4B46A5B-19D0-48DA-AD0E-0CD0CC4E0B89}.Release|Any CPU.Build.0 = Release|Any CPU
		{1FAD2D4D-50A9-4D06-A427-A5E2410CB8C6}.Debug|Any CPU.ActiveCfg = Debug|Any CPU
		{1FAD2D4D-50A9-4D06-A427-A5E2410CB8C6}.Debug|Any CPU.Build.0 = Debug|Any CPU
		{1FAD2D4D-50A9-4D06-A427-A5E2410CB8C6}.Release|Any CPU.ActiveCfg = Release|Any CPU
		{1FAD2D4D-50A9-4D06-A427-A5E2410CB8C6}.Release|Any CPU.Build.0 = Release|Any CPU
	EndGlobalSection
	GlobalSection(SolutionProperties) = preSolution
		HideSolutionNode = FALSE
	EndGlobalSection
	GlobalSection(ExtensibilityGlobals) = postSolution
		SolutionGuid = {EDC75630-008F-4D4D-8588-78CCF9CE98D0}
	EndGlobalSection
EndGlobal
